
Microsoft Visual Studio Solution File, Format Version 12.00
# Visual Studio Version 17
VisualStudioVersion = 17.13.35931.197
MinimumVisualStudioVersion = 10.0.40219.1
Project("{FAE04EC0-301F-11D3-BF4B-00C04F79EFBC}") = "OrderService", "OrderService\OrderService.csproj", "{F4E02BE0-748C-4D0B-B114-34CB198DE8F5}"
EndProject
Project("{FAE04EC0-301F-11D3-BF4B-00C04F79EFBC}") = "ShippingService", "ShippingService\ShippingService.csproj", "{DDE27D1E-997A-4265-A3A5-980EB4C59BEA}"
EndProject
Project("{FAE04EC0-301F-11D3-BF4B-00C04F79EFBC}") = "SharedMessages", "SharedMessages\SharedMessages.csproj", "{72F9FA4B-E321-49E2-A881-48C996992445}"
EndProject
Project("{FAE04EC0-301F-11D3-BF4B-00C04F79EFBC}") = "TrackingService", "TrackingService\TrackingService.csproj", "{7340AE25-ABC7-40CC-9ABC-5D9EE3091F08}"
EndProject
Project("{FAE04EC0-301F-11D3-BF4B-00C04F79EFBC}") = "InventoryService", "InventoryService\InventoryService.csproj", "{C5C68624-D59C-443C-B80E-115368FFBD65}"
EndProject
Project("{FAE04EC0-301F-11D3-BF4B-00C04F79EFBC}") = "PaymentService", "PaymentService\PaymentService.csproj", "{FAE17131-2494-48CA-A70D-3BE171C353A6}"
EndProject
Project("{FAE04EC0-301F-11D3-BF4B-00C04F79EFBC}") = "SagaOrchestration", "SagaOrchestration\SagaOrchestration.csproj", "{9D2616BB-A1A0-4679-B7BC-DD2774A5634B}"
EndProject
Global
	GlobalSection(SolutionConfigurationPlatforms) = preSolution
		Debug|Any CPU = Debug|Any CPU
		Release|Any CPU = Release|Any CPU
	EndGlobalSection
	GlobalSection(ProjectConfigurationPlatforms) = postSolution
		{F4E02BE0-748C-4D0B-B114-34CB198DE8F5}.Debug|Any CPU.ActiveCfg = Debug|Any CPU
		{F4E02BE0-748C-4D0B-B114-34CB198DE8F5}.Debug|Any CPU.Build.0 = Debug|Any CPU
		{F4E02BE0-748C-4D0B-B114-34CB198DE8F5}.Release|Any CPU.ActiveCfg = Release|Any CPU
		{F4E02BE0-748C-4D0B-B114-34CB198DE8F5}.Release|Any CPU.Build.0 = Release|Any CPU
		{DDE27D1E-997A-4265-A3A5-980EB4C59BEA}.Debug|Any CPU.ActiveCfg = Debug|Any CPU
		{DDE27D1E-997A-4265-A3A5-980EB4C59BEA}.Debug|Any CPU.Build.0 = Debug|Any CPU
		{DDE27D1E-997A-4265-A3A5-980EB4C59BEA}.Release|Any CPU.ActiveCfg = Release|Any CPU
		{DDE27D1E-997A-4265-A3A5-980EB4C59BEA}.Release|Any CPU.Build.0 = Release|Any CPU
		{72F9FA4B-E321-49E2-A881-48C996992445}.Debug|Any CPU.ActiveCfg = Debug|Any CPU
		{72F9FA4B-E321-49E2-A881-48C996992445}.Debug|Any CPU.Build.0 = Debug|Any CPU
		{72F9FA4B-E321-49E2-A881-48C996992445}.Release|Any CPU.ActiveCfg = Release|Any CPU
		{72F9FA4B-E321-49E2-A881-48C996992445}.Release|Any CPU.Build.0 = Release|Any CPU
		{7340AE25-ABC7-40CC-9ABC-5D9EE3091F08}.Debug|Any CPU.ActiveCfg = Debug|Any CPU
		{7340AE25-ABC7-40CC-9ABC-5D9EE3091F08}.Debug|Any CPU.Build.0 = Debug|Any CPU
		{7340AE25-ABC7-40CC-9ABC-5D9EE3091F08}.Release|Any CPU.ActiveCfg = Release|Any CPU
		{7340AE25-ABC7-40CC-9ABC-5D9EE3091F08}.Release|Any CPU.Build.0 = Release|Any CPU
		{C5C68624-D59C-443C-B80E-115368FFBD65}.Debug|Any CPU.ActiveCfg = Debug|Any CPU
		{C5C68624-D59C-443C-B80E-115368FFBD65}.Debug|Any CPU.Build.0 = Debug|Any CPU
		{C5C68624-D59C-443C-B80E-115368FFBD65}.Release|Any CPU.ActiveCfg = Release|Any CPU
		{C5C68624-D59C-443C-B80E-115368FFBD65}.Release|Any CPU.Build.0 = Release|Any CPU
		{FAE17131-2494-48CA-A70D-3BE171C353A6}.Debug|Any CPU.ActiveCfg = Debug|Any CPU
		{FAE17131-2494-48CA-A70D-3BE171C353A6}.Debug|Any CPU.Build.0 = Debug|Any CPU
		{FAE17131-2494-48CA-A70D-3BE171C353A6}.Release|Any CPU.ActiveCfg = Release|Any CPU
		{FAE17131-2494-48CA-A70D-3BE171C353A6}.Release|Any CPU.Build.0 = Release|Any CPU
		{9D2616BB-A1A0-4679-B7BC-DD2774A5634B}.Debug|Any CPU.ActiveCfg = Debug|Any CPU
		{9D2616BB-A1A0-4679-B7BC-DD2774A5634B}.Debug|Any CPU.Build.0 = Debug|Any CPU
		{9D2616BB-A1A0-4679-B7BC-DD2774A5634B}.Release|Any CPU.ActiveCfg = Release|Any CPU
		{9D2616BB-A1A0-4679-B7BC-DD2774A5634B}.Release|Any CPU.Build.0 = Release|Any CPU
	EndGlobalSection
	GlobalSection(SolutionProperties) = preSolution
		HideSolutionNode = FALSE
	EndGlobalSection
	GlobalSection(ExtensibilityGlobals) = postSolution
		SolutionGuid = {04256391-C776-4334-9619-C55044D5DC2D}
	EndGlobalSection
EndGlobal
